
Microsoft Visual Studio Solution File, Format Version 12.00
# Visual Studio Version 16
VisualStudioVersion = 16.0.30717.126
MinimumVisualStudioVersion = 10.0.40219.1
Project("{8BC9CEB8-8B4A-11D0-8D11-00A0C91BC942}") = "tuner_cpp", "tuner_cpp\tuner_cpp.vcxproj", "{AED4F15F-878F-43F4-B9A2-CDAF463A097B}"
EndProject
Global
	GlobalSection(SolutionConfigurationPlatforms) = preSolution
		Debug|x64 = Debug|x64
		Debug|x86 = Debug|x86
		Release|x64 = Release|x64
		Release|x86 = Release|x86
	EndGlobalSection
	GlobalSection(ProjectConfigurationPlatforms) = postSolution
		{AED4F15F-878F-43F4-B9A2-CDAF463A097B}.Debug|x64.ActiveCfg = Debug|x64
		{AED4F15F-878F-43F4-B9A2-CDAF463A097B}.Debug|x64.Build.0 = Debug|x64
		{AED4F15F-878F-43F4-B9A2-CDAF463A097B}.Debug|x86.ActiveCfg = Debug|Win32
		{AED4F15F-878F-43F4-B9A2-CDAF463A097B}.Debug|x86.Build.0 = Debug|Win32
		{AED4F15F-878F-43F4-B9A2-CDAF463A097B}.Release|x64.ActiveCfg = Release|x64
		{AED4F15F-878F-43F4-B9A2-CDAF463A097B}.Release|x64.Build.0 = Release|x64
		{AED4F15F-878F-43F4-B9A2-CDAF463A097B}.Release|x86.ActiveCfg = Release|Win32
		{AED4F15F-878F-43F4-B9A2-CDAF463A097B}.Release|x86.Build.0 = Release|Win32
	EndGlobalSection
	GlobalSection(SolutionProperties) = preSolution
		HideSolutionNode = FALSE
	EndGlobalSection
	GlobalSection(ExtensibilityGlobals) = postSolution
		SolutionGuid = {F3F7F115-E6F1-44E3-8A83-4F263F5A1E92}
	EndGlobalSection
EndGlobal
